// !$*UTF8*$!
{
	archiveVersion = 1;
	classes = {
	};
	objectVersion = 70;
	objects = {

/* Begin PBXBuildFile section */
		70CBB4BF2DF0221D00F9B7DA /* NetworkKit in Frameworks */ = {isa = PBXBuildFile; productRef = 70CBB4BE2DF0221D00F9B7DA /* NetworkKit */; };
/* End PBXBuildFile section */

/* Begin PBXContainerItemProxy section */
		70CBB4872DF0202200F9B7DA /* PBXContainerItemProxy */ = {
			isa = PBXContainerItemProxy;
			containerPortal = 70CBB4652DF0202100F9B7DA /* Project object */;
			proxyType = 1;
			remoteGlobalIDString = 70CBB46C2DF0202100F9B7DA;
			remoteInfo = EffectiveMobileTextTask;
		};
		70CBB4912DF0202200F9B7DA /* PBXContainerItemProxy */ = {
			isa = PBXContainerItemProxy;
			containerPortal = 70CBB4652DF0202100F9B7DA /* Project object */;
			proxyType = 1;
			remoteGlobalIDString = 70CBB46C2DF0202100F9B7DA;
			remoteInfo = EffectiveMobileTextTask;
		};
/* End PBXContainerItemProxy section */

/* Begin PBXFileReference section */
		70CBB46D2DF0202100F9B7DA /* EffectiveMobileTextTask.app */ = {isa = PBXFileReference; explicitFileType = wrapper.application; includeInIndex = 0; path = EffectiveMobileTextTask.app; sourceTree = BUILT_PRODUCTS_DIR; };
		70CBB4862DF0202200F9B7DA /* EffectiveMobileTextTaskTests.xctest */ = {isa = PBXFileReference; explicitFileType = wrapper.cfbundle; includeInIndex = 0; path = EffectiveMobileTextTaskTests.xctest; sourceTree = BUILT_PRODUCTS_DIR; };
		70CBB4902DF0202200F9B7DA /* EffectiveMobileTextTaskUITests.xctest */ = {isa = PBXFileReference; explicitFileType = wrapper.cfbundle; includeInIndex = 0; path = EffectiveMobileTextTaskUITests.xctest; sourceTree = BUILT_PRODUCTS_DIR; };
/* End PBXFileReference section */

/* Begin PBXFileSystemSynchronizedBuildFileExceptionSet section */
		70CBB4982DF0202200F9B7DA /* PBXFileSystemSynchronizedBuildFileExceptionSet */ = {
			isa = PBXFileSystemSynchronizedBuildFileExceptionSet;
			membershipExceptions = (
				Info.plist,
			);
			target = 70CBB46C2DF0202100F9B7DA /* EffectiveMobileTextTask */;
		};
/* End PBXFileSystemSynchronizedBuildFileExceptionSet section */

/* Begin PBXFileSystemSynchronizedRootGroup section */
		70CBB46F2DF0202100F9B7DA /* EffectiveMobileTextTask */ = {isa = PBXFileSystemSynchronizedRootGroup; exceptions = (70CBB4982DF0202200F9B7DA /* PBXFileSystemSynchronizedBuildFileExceptionSet */, ); explicitFileTypes = {}; explicitFolders = (); path = EffectiveMobileTextTask; sourceTree = "<group>"; };
		70CBB4892DF0202200F9B7DA /* EffectiveMobileTextTaskTests */ = {isa = PBXFileSystemSynchronizedRootGroup; explicitFileTypes = {}; explicitFolders = (); path = EffectiveMobileTextTaskTests; sourceTree = "<group>"; };
		70CBB4932DF0202200F9B7DA /* EffectiveMobileTextTaskUITests */ = {isa = PBXFileSystemSynchronizedRootGroup; explicitFileTypes = {}; explicitFolders = (); path = EffectiveMobileTextTaskUITests; sourceTree = "<group>"; };
/* End PBXFileSystemSynchronizedRootGroup section */

/* Begin PBXFrameworksBuildPhase section */
		70CBB46A2DF0202100F9B7DA /* Frameworks */ = {
			isa = PBXFrameworksBuildPhase;
			buildActionMask = 2147483647;
			files = (
				70CBB4BF2DF0221D00F9B7DA /* NetworkKit in Frameworks */,
			);
			runOnlyForDeploymentPostprocessing = 0;
		};
		70CBB4832DF0202200F9B7DA /* Frameworks */ = {
			isa = PBXFrameworksBuildPhase;
			buildActionMask = 2147483647;
			files = (
			);
			runOnlyForDeploymentPostprocessing = 0;
		};
		70CBB48D2DF0202200F9B7DA /* Frameworks */ = {
			isa = PBXFrameworksBuildPhase;
			buildActionMask = 2147483647;
			files = (
			);
			runOnlyForDeploymentPostprocessing = 0;
		};
/* End PBXFrameworksBuildPhase section */

/* Begin PBXGroup section */
		70CBB4642DF0202100F9B7DA = {
			isa = PBXGroup;
			children = (
				70CBB46F2DF0202100F9B7DA /* EffectiveMobileTextTask */,
				70CBB4892DF0202200F9B7DA /* EffectiveMobileTextTaskTests */,
				70CBB4932DF0202200F9B7DA /* EffectiveMobileTextTaskUITests */,
				70CBB46E2DF0202100F9B7DA /* Products */,
			);
			sourceTree = "<group>";
		};
		70CBB46E2DF0202100F9B7DA /* Products */ = {
			isa = PBXGroup;
			children = (
				70CBB46D2DF0202100F9B7DA /* EffectiveMobileTextTask.app */,
				70CBB4862DF0202200F9B7DA /* EffectiveMobileTextTaskTests.xctest */,
				70CBB4902DF0202200F9B7DA /* EffectiveMobileTextTaskUITests.xctest */,
			);
			name = Products;
			sourceTree = "<group>";
		};
/* End PBXGroup section */

/* Begin PBXNativeTarget section */
		70CBB46C2DF0202100F9B7DA /* EffectiveMobileTextTask */ = {
			isa = PBXNativeTarget;
			buildConfigurationList = 70CBB4992DF0202200F9B7DA /* Build configuration list for PBXNativeTarget "EffectiveMobileTextTask" */;
			buildPhases = (
				70CBB4692DF0202100F9B7DA /* Sources */,
				70CBB46A2DF0202100F9B7DA /* Frameworks */,
				70CBB46B2DF0202100F9B7DA /* Resources */,
			);
			buildRules = (
			);
			dependencies = (
			);
			fileSystemSynchronizedGroups = (
				70CBB46F2DF0202100F9B7DA /* EffectiveMobileTextTask */,
			);
			name = EffectiveMobileTextTask;
			packageProductDependencies = (
				70CBB4BE2DF0221D00F9B7DA /* NetworkKit */,
			);
			productName = EffectiveMobileTextTask;
			productReference = 70CBB46D2DF0202100F9B7DA /* EffectiveMobileTextTask.app */;
			productType = "com.apple.product-type.application";
		};
		70CBB4852DF0202200F9B7DA /* EffectiveMobileTextTaskTests */ = {
			isa = PBXNativeTarget;
			buildConfigurationList = 70CBB49E2DF0202200F9B7DA /* Build configuration list for PBXNativeTarget "EffectiveMobileTextTaskTests" */;
			buildPhases = (
				70CBB4822DF0202200F9B7DA /* Sources */,
				70CBB4832DF0202200F9B7DA /* Frameworks */,
				70CBB4842DF0202200F9B7DA /* Resources */,
			);
			buildRules = (
			);
			dependencies = (
				70CBB4882DF0202200F9B7DA /* PBXTargetDependency */,
			);
			fileSystemSynchronizedGroups = (
				70CBB4892DF0202200F9B7DA /* EffectiveMobileTextTaskTests */,
			);
			name = EffectiveMobileTextTaskTests;
			packageProductDependencies = (
			);
			productName = EffectiveMobileTextTaskTests;
			productReference = 70CBB4862DF0202200F9B7DA /* EffectiveMobileTextTaskTests.xctest */;
			productType = "com.apple.product-type.bundle.unit-test";
		};
		70CBB48F2DF0202200F9B7DA /* EffectiveMobileTextTaskUITests */ = {
			isa = PBXNativeTarget;
			buildConfigurationList = 70CBB4A12DF0202200F9B7DA /* Build configuration list for PBXNativeTarget "EffectiveMobileTextTaskUITests" */;
			buildPhases = (
				70CBB48C2DF0202200F9B7DA /* Sources */,
				70CBB48D2DF0202200F9B7DA /* Frameworks */,
				70CBB48E2DF0202200F9B7DA /* Resources */,
			);
			buildRules = (
			);
			dependencies = (
				70CBB4922DF0202200F9B7DA /* PBXTargetDependency */,
			);
			fileSystemSynchronizedGroups = (
				70CBB4932DF0202200F9B7DA /* EffectiveMobileTextTaskUITests */,
			);
			name = EffectiveMobileTextTaskUITests;
			packageProductDependencies = (
			);
			productName = EffectiveMobileTextTaskUITests;
			productReference = 70CBB4902DF0202200F9B7DA /* EffectiveMobileTextTaskUITests.xctest */;
			productType = "com.apple.product-type.bundle.ui-testing";
		};
/* End PBXNativeTarget section */

/* Begin PBXProject section */
		70CBB4652DF0202100F9B7DA /* Project object */ = {
			isa = PBXProject;
			attributes = {
				BuildIndependentTargetsInParallel = 1;
				LastSwiftUpdateCheck = 1640;
				LastUpgradeCheck = 1640;
				TargetAttributes = {
					70CBB46C2DF0202100F9B7DA = {
						CreatedOnToolsVersion = 16.4;
					};
					70CBB4852DF0202200F9B7DA = {
						CreatedOnToolsVersion = 16.4;
						TestTargetID = 70CBB46C2DF0202100F9B7DA;
					};
					70CBB48F2DF0202200F9B7DA = {
						CreatedOnToolsVersion = 16.4;
						TestTargetID = 70CBB46C2DF0202100F9B7DA;
					};
				};
			};
			buildConfigurationList = 70CBB4682DF0202100F9B7DA /* Build configuration list for PBXProject "EffectiveMobileTextTask" */;
			compatibilityVersion = "Xcode 15.0";
			developmentRegion = en;
			hasScannedForEncodings = 0;
			knownRegions = (
				en,
				Base,
			);
			mainGroup = 70CBB4642DF0202100F9B7DA;
			minimizedProjectReferenceProxies = 1;
			packageReferences = (
				70CBB4BD2DF0221D00F9B7DA /* XCLocalSwiftPackageReference "NetworkKit" */,
			);
			productRefGroup = 70CBB46E2DF0202100F9B7DA /* Products */;
			projectDirPath = "";
			projectRoot = "";
			targets = (
				70CBB46C2DF0202100F9B7DA /* EffectiveMobileTextTask */,
				70CBB4852DF0202200F9B7DA /* EffectiveMobileTextTaskTests */,
				70CBB48F2DF0202200F9B7DA /* EffectiveMobileTextTaskUITests */,
			);
		};
/* End PBXProject section */

/* Begin PBXResourcesBuildPhase section */
		70CBB46B2DF0202100F9B7DA /* Resources */ = {
			isa = PBXResourcesBuildPhase;
			buildActionMask = 2147483647;
			files = (
			);
			runOnlyForDeploymentPostprocessing = 0;
		};
		70CBB4842DF0202200F9B7DA /* Resources */ = {
			isa = PBXResourcesBuildPhase;
			buildActionMask = 2147483647;
			files = (
			);
			runOnlyForDeploymentPostprocessing = 0;
		};
		70CBB48E2DF0202200F9B7DA /* Resources */ = {
			isa = PBXResourcesBuildPhase;
			buildActionMask = 2147483647;
			files = (
			);
			runOnlyForDeploymentPostprocessing = 0;
		};
/* End PBXResourcesBuildPhase section */

/* Begin PBXSourcesBuildPhase section */
		70CBB4692DF0202100F9B7DA /* Sources */ = {
			isa = PBXSourcesBuildPhase;
			buildActionMask = 2147483647;
			files = (
			);
			runOnlyForDeploymentPostprocessing = 0;
		};
		70CBB4822DF0202200F9B7DA /* Sources */ = {
			isa = PBXSourcesBuildPhase;
			buildActionMask = 2147483647;
			files = (
			);
			runOnlyForDeploymentPostprocessing = 0;
		};
		70CBB48C2DF0202200F9B7DA /* Sources */ = {
			isa = PBXSourcesBuildPhase;
			buildActionMask = 2147483647;
			files = (
			);
			runOnlyForDeploymentPostprocessing = 0;
		};
/* End PBXSourcesBuildPhase section */

/* Begin PBXTargetDependency section */
		70CBB4882DF0202200F9B7DA /* PBXTargetDependency */ = {
			isa = PBXTargetDependency;
			target = 70CBB46C2DF0202100F9B7DA /* EffectiveMobileTextTask */;
			targetProxy = 70CBB4872DF0202200F9B7DA /* PBXContainerItemProxy */;
		};
		70CBB4922DF0202200F9B7DA /* PBXTargetDependency */ = {
			isa = PBXTargetDependency;
			target = 70CBB46C2DF0202100F9B7DA /* EffectiveMobileTextTask */;
			targetProxy = 70CBB4912DF0202200F9B7DA /* PBXContainerItemProxy */;
		};
/* End PBXTargetDependency section */

/* Begin XCBuildConfiguration section */
		70CBB49A2DF0202200F9B7DA /* Debug */ = {
			isa = XCBuildConfiguration;
			buildSettings = {
				ASSETCATALOG_COMPILER_APPICON_NAME = AppIcon;
				ASSETCATALOG_COMPILER_GLOBAL_ACCENT_COLOR_NAME = AccentColor;
				CODE_SIGN_STYLE = Automatic;
				CURRENT_PROJECT_VERSION = 1;
				DEVELOPMENT_TEAM = A5YPX8A876;
				GENERATE_INFOPLIST_FILE = YES;
				INFOPLIST_FILE = EffectiveMobileTextTask/Info.plist;
				INFOPLIST_KEY_UIApplicationSupportsIndirectInputEvents = YES;
				INFOPLIST_KEY_UILaunchStoryboardName = LaunchScreen;
				INFOPLIST_KEY_UIMainStoryboardFile = Main;
				INFOPLIST_KEY_UISupportedInterfaceOrientations_iPad = "UIInterfaceOrientationPortrait UIInterfaceOrientationPortraitUpsideDown UIInterfaceOrientationLandscapeLeft UIInterfaceOrientationLandscapeRight";
				INFOPLIST_KEY_UISupportedInterfaceOrientations_iPhone = "UIInterfaceOrientationPortrait UIInterfaceOrientationLandscapeLeft UIInterfaceOrientationLandscapeRight";
				IPHONEOS_DEPLOYMENT_TARGET = 15.6;
				LD_RUNPATH_SEARCH_PATHS = (
					"$(inherited)",
					"@executable_path/Frameworks",
				);
				MARKETING_VERSION = 1.0;
				PRODUCT_BUNDLE_IDENTIFIER = com.Test.EffectiveMobileTextTask;
				PRODUCT_NAME = "$(TARGET_NAME)";
				SWIFT_EMIT_LOC_STRINGS = YES;
				SWIFT_VERSION = 5.0;
				TARGETED_DEVICE_FAMILY = "1,2";
			};
			name = Debug;
		};
		70CBB49B2DF0202200F9B7DA /* Release */ = {
			isa = XCBuildConfiguration;
			buildSettings = {
				ASSETCATALOG_COMPILER_APPICON_NAME = AppIcon;
				ASSETCATALOG_COMPILER_GLOBAL_ACCENT_COLOR_NAME = AccentColor;
				CODE_SIGN_STYLE = Automatic;
				CURRENT_PROJECT_VERSION = 1;
				DEVELOPMENT_TEAM = A5YPX8A876;
				GENERATE_INFOPLIST_FILE = YES;
				INFOPLIST_FILE = EffectiveMobileTextTask/Info.plist;
				INFOPLIST_KEY_UIApplicationSupportsIndirectInputEvents = YES;
				INFOPLIST_KEY_UILaunchStoryboardName = LaunchScreen;
				INFOPLIST_KEY_UIMainStoryboardFile = Main;
				INFOPLIST_KEY_UISupportedInterfaceOrientations_iPad = "UIInterfaceOrientationPortrait UIInterfaceOrientationPortraitUpsideDown UIInterfaceOrientationLandscapeLeft UIInterfaceOrientationLandscapeRight";
				INFOPLIST_KEY_UISupportedInterfaceOrientations_iPhone = "UIInterfaceOrientationPortrait UIInterfaceOrientationLandscapeLeft UIInterfaceOrientationLandscapeRight";
				IPHONEOS_DEPLOYMENT_TARGET = 15.6;
				LD_RUNPATH_SEARCH_PATHS = (
					"$(inherited)",
					"@executable_path/Frameworks",
				);
				MARKETING_VERSION = 1.0;
				PRODUCT_BUNDLE_IDENTIFIER = com.Test.EffectiveMobileTextTask;
				PRODUCT_NAME = "$(TARGET_NAME)";
				SWIFT_EMIT_LOC_STRINGS = YES;
				SWIFT_VERSION = 5.0;
				TARGETED_DEVICE_FAMILY = "1,2";
			};
			name = Release;
		};
		70CBB49C2DF0202200F9B7DA /* Debug */ = {
			isa = XCBuildConfiguration;
			buildSettings = {
				ALWAYS_SEARCH_USER_PATHS = NO;
				ASSETCATALOG_COMPILER_GENERATE_SWIFT_ASSET_SYMBOL_EXTENSIONS = YES;
				CLANG_ANALYZER_NONNULL = YES;
				CLANG_ANALYZER_NUMBER_OBJECT_CONVERSION = YES_AGGRESSIVE;
				CLANG_CXX_LANGUAGE_STANDARD = "gnu++20";
				CLANG_ENABLE_MODULES = YES;
				CLANG_ENABLE_OBJC_ARC = YES;
				CLANG_ENABLE_OBJC_WEAK = YES;
				CLANG_WARN_BLOCK_CAPTURE_AUTORELEASING = YES;
				CLANG_WARN_BOOL_CONVERSION = YES;
				CLANG_WARN_COMMA = YES;
				CLANG_WARN_CONSTANT_CONVERSION = YES;
				CLANG_WARN_DEPRECATED_OBJC_IMPLEMENTATIONS = YES;
				CLANG_WARN_DIRECT_OBJC_ISA_USAGE = YES_ERROR;
				CLANG_WARN_DOCUMENTATION_COMMENTS = YES;
				CLANG_WARN_EMPTY_BODY = YES;
				CLANG_WARN_ENUM_CONVERSION = YES;
				CLANG_WARN_INFINITE_RECURSION = YES;
				CLANG_WARN_INT_CONVERSION = YES;
				CLANG_WARN_NON_LITERAL_NULL_CONVERSION = YES;
				CLANG_WARN_OBJC_IMPLICIT_RETAIN_SELF = YES;
				CLANG_WARN_OBJC_LITERAL_CONVERSION = YES;
				CLANG_WARN_OBJC_ROOT_CLASS = YES_ERROR;
				CLANG_WARN_QUOTED_INCLUDE_IN_FRAMEWORK_HEADER = YES;
				CLANG_WARN_RANGE_LOOP_ANALYSIS = YES;
				CLANG_WARN_STRICT_PROTOTYPES = YES;
				CLANG_WARN_SUSPICIOUS_MOVE = YES;
				CLANG_WARN_UNGUARDED_AVAILABILITY = YES_AGGRESSIVE;
				CLANG_WARN_UNREACHABLE_CODE = YES;
				CLANG_WARN__DUPLICATE_METHOD_MATCH = YES;
				COPY_PHASE_STRIP = NO;
				DEBUG_INFORMATION_FORMAT = dwarf;
				DEVELOPMENT_TEAM = A5YPX8A876;
				ENABLE_STRICT_OBJC_MSGSEND = YES;
				ENABLE_TESTABILITY = YES;
				ENABLE_USER_SCRIPT_SANDBOXING = YES;
				GCC_C_LANGUAGE_STANDARD = gnu17;
				GCC_DYNAMIC_NO_PIC = NO;
				GCC_NO_COMMON_BLOCKS = YES;
				GCC_OPTIMIZATION_LEVEL = 0;
				GCC_PREPROCESSOR_DEFINITIONS = (
					"DEBUG=1",
					"$(inherited)",
				);
				GCC_WARN_64_TO_32_BIT_CONVERSION = YES;
				GCC_WARN_ABOUT_RETURN_TYPE = YES_ERROR;
				GCC_WARN_UNDECLARED_SELECTOR = YES;
				GCC_WARN_UNINITIALIZED_AUTOS = YES_AGGRESSIVE;
				GCC_WARN_UNUSED_FUNCTION = YES;
				GCC_WARN_UNUSED_VARIABLE = YES;
				IPHONEOS_DEPLOYMENT_TARGET = 15.6;
				LOCALIZATION_PREFERS_STRING_CATALOGS = YES;
				MTL_ENABLE_DEBUG_INFO = INCLUDE_SOURCE;
				MTL_FAST_MATH = YES;
				ONLY_ACTIVE_ARCH = YES;
				SDKROOT = iphoneos;
				SWIFT_ACTIVE_COMPILATION_CONDITIONS = "DEBUG $(inherited)";
				SWIFT_OPTIMIZATION_LEVEL = "-Onone";
			};
			name = Debug;
		};
		70CBB49D2DF0202200F9B7DA /* Release */ = {
			isa = XCBuildConfiguration;
			buildSettings = {
				ALWAYS_SEARCH_USER_PATHS = NO;
				ASSETCATALOG_COMPILER_GENERATE_SWIFT_ASSET_SYMBOL_EXTENSIONS = YES;
				CLANG_ANALYZER_NONNULL = YES;
				CLANG_ANALYZER_NUMBER_OBJECT_CONVERSION = YES_AGGRESSIVE;
				CLANG_CXX_LANGUAGE_STANDARD = "gnu++20";
				CLANG_ENABLE_MODULES = YES;
				CLANG_ENABLE_OBJC_ARC = YES;
				CLANG_ENABLE_OBJC_WEAK = YES;
				CLANG_WARN_BLOCK_CAPTURE_AUTORELEASING = YES;
				CLANG_WARN_BOOL_CONVERSION = YES;
				CLANG_WARN_COMMA = YES;
				CLANG_WARN_CONSTANT_CONVERSION = YES;
				CLANG_WARN_DEPRECATED_OBJC_IMPLEMENTATIONS = YES;
				CLANG_WARN_DIRECT_OBJC_ISA_USAGE = YES_ERROR;
				CLANG_WARN_DOCUMENTATION_COMMENTS = YES;
				CLANG_WARN_EMPTY_BODY = YES;
				CLANG_WARN_ENUM_CONVERSION = YES;
				CLANG_WARN_INFINITE_RECURSION = YES;
				CLANG_WARN_INT_CONVERSION = YES;
				CLANG_WARN_NON_LITERAL_NULL_CONVERSION = YES;
				CLANG_WARN_OBJC_IMPLICIT_RETAIN_SELF = YES;
				CLANG_WARN_OBJC_LITERAL_CONVERSION = YES;
				CLANG_WARN_OBJC_ROOT_CLASS = YES_ERROR;
				CLANG_WARN_QUOTED_INCLUDE_IN_FRAMEWORK_HEADER = YES;
				CLANG_WARN_RANGE_LOOP_ANALYSIS = YES;
				CLANG_WARN_STRICT_PROTOTYPES = YES;
				CLANG_WARN_SUSPICIOUS_MOVE = YES;
				CLANG_WARN_UNGUARDED_AVAILABILITY = YES_AGGRESSIVE;
				CLANG_WARN_UNREACHABLE_CODE = YES;
				CLANG_WARN__DUPLICATE_METHOD_MATCH = YES;
				COPY_PHASE_STRIP = NO;
				DEBUG_INFORMATION_FORMAT = "dwarf-with-dsym";
				DEVELOPMENT_TEAM = A5YPX8A876;
				ENABLE_NS_ASSERTIONS = NO;
				ENABLE_STRICT_OBJC_MSGSEND = YES;
				ENABLE_USER_SCRIPT_SANDBOXING = YES;
				GCC_C_LANGUAGE_STANDARD = gnu17;
				GCC_NO_COMMON_BLOCKS = YES;
				GCC_WARN_64_TO_32_BIT_CONVERSION = YES;
				GCC_WARN_ABOUT_RETURN_TYPE = YES_ERROR;
				GCC_WARN_UNDECLARED_SELECTOR = YES;
				GCC_WARN_UNINITIALIZED_AUTOS = YES_AGGRESSIVE;
				GCC_WARN_UNUSED_FUNCTION = YES;
				GCC_WARN_UNUSED_VARIABLE = YES;
				IPHONEOS_DEPLOYMENT_TARGET = 15.6;
				LOCALIZATION_PREFERS_STRING_CATALOGS = YES;
				MTL_ENABLE_DEBUG_INFO = NO;
				MTL_FAST_MATH = YES;
				SDKROOT = iphoneos;
				SWIFT_COMPILATION_MODE = wholemodule;
				VALIDATE_PRODUCT = YES;
			};
			name = Release;
		};
		70CBB49F2DF0202200F9B7DA /* Debug */ = {
			isa = XCBuildConfiguration;
			buildSettings = {
				BUNDLE_LOADER = "$(TEST_HOST)";
				CODE_SIGN_STYLE = Automatic;
				CURRENT_PROJECT_VERSION = 1;
				DEVELOPMENT_TEAM = A5YPX8A876;
				GENERATE_INFOPLIST_FILE = YES;
				IPHONEOS_DEPLOYMENT_TARGET = 18.5;
				MARKETING_VERSION = 1.0;
				PRODUCT_BUNDLE_IDENTIFIER = com.Test.EffectiveMobileTextTaskTests;
				PRODUCT_NAME = "$(TARGET_NAME)";
				SWIFT_EMIT_LOC_STRINGS = NO;
				SWIFT_VERSION = 5.0;
				TARGETED_DEVICE_FAMILY = "1,2";
				TEST_HOST = "$(BUILT_PRODUCTS_DIR)/EffectiveMobileTextTask.app/$(BUNDLE_EXECUTABLE_FOLDER_PATH)/EffectiveMobileTextTask";
			};
			name = Debug;
		};
		70CBB4A02DF0202200F9B7DA /* Release */ = {
			isa = XCBuildConfiguration;
			buildSettings = {
				BUNDLE_LOADER = "$(TEST_HOST)";
				CODE_SIGN_STYLE = Automatic;
				CURRENT_PROJECT_VERSION = 1;
				DEVELOPMENT_TEAM = A5YPX8A876;
				GENERATE_INFOPLIST_FILE = YES;
				IPHONEOS_DEPLOYMENT_TARGET = 18.5;
				MARKETING_VERSION = 1.0;
				PRODUCT_BUNDLE_IDENTIFIER = com.Test.EffectiveMobileTextTaskTests;
				PRODUCT_NAME = "$(TARGET_NAME)";
				SWIFT_EMIT_LOC_STRINGS = NO;
				SWIFT_VERSION = 5.0;
				TARGETED_DEVICE_FAMILY = "1,2";
				TEST_HOST = "$(BUILT_PRODUCTS_DIR)/EffectiveMobileTextTask.app/$(BUNDLE_EXECUTABLE_FOLDER_PATH)/EffectiveMobileTextTask";
			};
			name = Release;
		};
		70CBB4A22DF0202200F9B7DA /* Debug */ = {
			isa = XCBuildConfiguration;
			buildSettings = {
				CODE_SIGN_STYLE = Automatic;
				CURRENT_PROJECT_VERSION = 1;
				DEVELOPMENT_TEAM = A5YPX8A876;
				GENERATE_INFOPLIST_FILE = YES;
				MARKETING_VERSION = 1.0;
				PRODUCT_BUNDLE_IDENTIFIER = com.Test.EffectiveMobileTextTaskUITests;
				PRODUCT_NAME = "$(TARGET_NAME)";
				SWIFT_EMIT_LOC_STRINGS = NO;
				SWIFT_VERSION = 5.0;
				TARGETED_DEVICE_FAMILY = "1,2";
				TEST_TARGET_NAME = EffectiveMobileTextTask;
			};
			name = Debug;
		};
		70CBB4A32DF0202200F9B7DA /* Release */ = {
			isa = XCBuildConfiguration;
			buildSettings = {
				CODE_SIGN_STYLE = Automatic;
				CURRENT_PROJECT_VERSION = 1;
				DEVELOPMENT_TEAM = A5YPX8A876;
				GENERATE_INFOPLIST_FILE = YES;
				MARKETING_VERSION = 1.0;
				PRODUCT_BUNDLE_IDENTIFIER = com.Test.EffectiveMobileTextTaskUITests;
				PRODUCT_NAME = "$(TARGET_NAME)";
				SWIFT_EMIT_LOC_STRINGS = NO;
				SWIFT_VERSION = 5.0;
				TARGETED_DEVICE_FAMILY = "1,2";
				TEST_TARGET_NAME = EffectiveMobileTextTask;
			};
			name = Release;
		};
/* End XCBuildConfiguration section */

/* Begin XCConfigurationList section */
		70CBB4682DF0202100F9B7DA /* Build configuration list for PBXProject "EffectiveMobileTextTask" */ = {
			isa = XCConfigurationList;
			buildConfigurations = (
				70CBB49C2DF0202200F9B7DA /* Debug */,
				70CBB49D2DF0202200F9B7DA /* Release */,
			);
			defaultConfigurationIsVisible = 0;
			defaultConfigurationName = Release;
		};
		70CBB4992DF0202200F9B7DA /* Build configuration list for PBXNativeTarget "EffectiveMobileTextTask" */ = {
			isa = XCConfigurationList;
			buildConfigurations = (
				70CBB49A2DF0202200F9B7DA /* Debug */,
				70CBB49B2DF0202200F9B7DA /* Release */,
			);
			defaultConfigurationIsVisible = 0;
			defaultConfigurationName = Release;
		};
		70CBB49E2DF0202200F9B7DA /* Build configuration list for PBXNativeTarget "EffectiveMobileTextTaskTests" */ = {
			isa = XCConfigurationList;
			buildConfigurations = (
				70CBB49F2DF0202200F9B7DA /* Debug */,
				70CBB4A02DF0202200F9B7DA /* Release */,
			);
			defaultConfigurationIsVisible = 0;
			defaultConfigurationName = Release;
		};
		70CBB4A12DF0202200F9B7DA /* Build configuration list for PBXNativeTarget "EffectiveMobileTextTaskUITests" */ = {
			isa = XCConfigurationList;
			buildConfigurations = (
				70CBB4A22DF0202200F9B7DA /* Debug */,
				70CBB4A32DF0202200F9B7DA /* Release */,
			);
			defaultConfigurationIsVisible = 0;
			defaultConfigurationName = Release;
		};
/* End XCConfigurationList section */

/* Begin XCLocalSwiftPackageReference section */
		70CBB4BD2DF0221D00F9B7DA /* XCLocalSwiftPackageReference "NetworkKit" */ = {
			isa = XCLocalSwiftPackageReference;
			relativePath = NetworkKit;
		};
/* End XCLocalSwiftPackageReference section */

/* Begin XCSwiftPackageProductDependency section */
		70CBB4BE2DF0221D00F9B7DA /* NetworkKit */ = {
			isa = XCSwiftPackageProductDependency;
			productName = NetworkKit;
		};
/* End XCSwiftPackageProductDependency section */
	};
	rootObject = 70CBB4652DF0202100F9B7DA /* Project object */;
}
